// !$*UTF8*$!
{
	archiveVersion = 1;
	classes = {
	};
	objectVersion = 56;
	objects = {

/* Begin PBXBuildFile section */
		4094B0032C6E5B6E0040089F /* ChatAppApp.swift in Sources */ = {isa = PBXBuildFile; fileRef = 4094B0022C6E5B6E0040089F /* ChatAppApp.swift */; };
		4094B0052C6E5B6E0040089F /* ContentView.swift in Sources */ = {isa = PBXBuildFile; fileRef = 4094B0042C6E5B6E0040089F /* ContentView.swift */; };
		4094B0072C6E5B6F0040089F /* Assets.xcassets in Resources */ = {isa = PBXBuildFile; fileRef = 4094B0062C6E5B6F0040089F /* Assets.xcassets */; };
		4094B00A2C6E5B6F0040089F /* Preview Assets.xcassets in Resources */ = {isa = PBXBuildFile; fileRef = 4094B0092C6E5B6F0040089F /* Preview Assets.xcassets */; };
		4094B0112C6E5F4E0040089F /* GoogleService-Info.plist in Resources */ = {isa = PBXBuildFile; fileRef = 4094B0102C6E5F4D0040089F /* GoogleService-Info.plist */; };
		4094B0142C6E64660040089F /* FirebaseAnalytics in Frameworks */ = {isa = PBXBuildFile; productRef = 4094B0132C6E64660040089F /* FirebaseAnalytics */; };
		4094B0162C6E64660040089F /* FirebaseAnalyticsOnDeviceConversion in Frameworks */ = {isa = PBXBuildFile; productRef = 4094B0152C6E64660040089F /* FirebaseAnalyticsOnDeviceConversion */; };
		4094B0182C6E64660040089F /* FirebaseAnalyticsWithoutAdIdSupport in Frameworks */ = {isa = PBXBuildFile; productRef = 4094B0172C6E64660040089F /* FirebaseAnalyticsWithoutAdIdSupport */; };
		4094B01A2C6E64660040089F /* FirebaseAppCheck in Frameworks */ = {isa = PBXBuildFile; productRef = 4094B0192C6E64660040089F /* FirebaseAppCheck */; };
		4094B01C2C6E64660040089F /* FirebaseAppDistribution-Beta in Frameworks */ = {isa = PBXBuildFile; productRef = 4094B01B2C6E64660040089F /* FirebaseAppDistribution-Beta */; };
		4094B01E2C6E64660040089F /* FirebaseAuth in Frameworks */ = {isa = PBXBuildFile; productRef = 4094B01D2C6E64660040089F /* FirebaseAuth */; };
		4094B0202C6E64660040089F /* FirebaseAuthCombine-Community in Frameworks */ = {isa = PBXBuildFile; productRef = 4094B01F2C6E64660040089F /* FirebaseAuthCombine-Community */; };
		4094B0222C6E64660040089F /* FirebaseCrashlytics in Frameworks */ = {isa = PBXBuildFile; productRef = 4094B0212C6E64660040089F /* FirebaseCrashlytics */; };
		4094B0242C6E64660040089F /* FirebaseDatabase in Frameworks */ = {isa = PBXBuildFile; productRef = 4094B0232C6E64660040089F /* FirebaseDatabase */; };
		4094B0262C6E64660040089F /* FirebaseDynamicLinks in Frameworks */ = {isa = PBXBuildFile; productRef = 4094B0252C6E64660040089F /* FirebaseDynamicLinks */; };
		4094B0282C6E64660040089F /* FirebaseFirestore in Frameworks */ = {isa = PBXBuildFile; productRef = 4094B0272C6E64660040089F /* FirebaseFirestore */; };
		4094B02A2C6E64660040089F /* FirebaseFirestoreCombine-Community in Frameworks */ = {isa = PBXBuildFile; productRef = 4094B0292C6E64660040089F /* FirebaseFirestoreCombine-Community */; };
		4094B02C2C6E64660040089F /* FirebaseFunctions in Frameworks */ = {isa = PBXBuildFile; productRef = 4094B02B2C6E64660040089F /* FirebaseFunctions */; };
		4094B02E2C6E64660040089F /* FirebaseFunctionsCombine-Community in Frameworks */ = {isa = PBXBuildFile; productRef = 4094B02D2C6E64660040089F /* FirebaseFunctionsCombine-Community */; };
		4094B0302C6E64660040089F /* FirebaseInAppMessaging-Beta in Frameworks */ = {isa = PBXBuildFile; productRef = 4094B02F2C6E64660040089F /* FirebaseInAppMessaging-Beta */; };
		4094B0322C6E64660040089F /* FirebaseInstallations in Frameworks */ = {isa = PBXBuildFile; productRef = 4094B0312C6E64660040089F /* FirebaseInstallations */; };
		4094B0342C6E64660040089F /* FirebaseMLModelDownloader in Frameworks */ = {isa = PBXBuildFile; productRef = 4094B0332C6E64660040089F /* FirebaseMLModelDownloader */; };
		4094B0362C6E64660040089F /* FirebaseMessaging in Frameworks */ = {isa = PBXBuildFile; productRef = 4094B0352C6E64660040089F /* FirebaseMessaging */; };
		4094B0382C6E64660040089F /* FirebasePerformance in Frameworks */ = {isa = PBXBuildFile; productRef = 4094B0372C6E64660040089F /* FirebasePerformance */; };
		4094B03A2C6E64660040089F /* FirebaseRemoteConfig in Frameworks */ = {isa = PBXBuildFile; productRef = 4094B0392C6E64660040089F /* FirebaseRemoteConfig */; };
		4094B03C2C6E64660040089F /* FirebaseStorage in Frameworks */ = {isa = PBXBuildFile; productRef = 4094B03B2C6E64660040089F /* FirebaseStorage */; };
		4094B03E2C6E64660040089F /* FirebaseStorageCombine-Community in Frameworks */ = {isa = PBXBuildFile; productRef = 4094B03D2C6E64660040089F /* FirebaseStorageCombine-Community */; };
		4094B0402C6E64660040089F /* FirebaseVertexAI-Preview in Frameworks */ = {isa = PBXBuildFile; productRef = 4094B03F2C6E64660040089F /* FirebaseVertexAI-Preview */; };
/* End PBXBuildFile section */

/* Begin PBXFileReference section */
		4094AFFF2C6E5B6E0040089F /* ChatApp.app */ = {isa = PBXFileReference; explicitFileType = wrapper.application; includeInIndex = 0; path = ChatApp.app; sourceTree = BUILT_PRODUCTS_DIR; };
		4094B0022C6E5B6E0040089F /* ChatAppApp.swift */ = {isa = PBXFileReference; lastKnownFileType = sourcecode.swift; path = ChatAppApp.swift; sourceTree = "<group>"; };
		4094B0042C6E5B6E0040089F /* ContentView.swift */ = {isa = PBXFileReference; lastKnownFileType = sourcecode.swift; path = ContentView.swift; sourceTree = "<group>"; };
		4094B0062C6E5B6F0040089F /* Assets.xcassets */ = {isa = PBXFileReference; lastKnownFileType = folder.assetcatalog; path = Assets.xcassets; sourceTree = "<group>"; };
		4094B0092C6E5B6F0040089F /* Preview Assets.xcassets */ = {isa = PBXFileReference; lastKnownFileType = folder.assetcatalog; path = "Preview Assets.xcassets"; sourceTree = "<group>"; };
		4094B0102C6E5F4D0040089F /* GoogleService-Info.plist */ = {isa = PBXFileReference; fileEncoding = 4; lastKnownFileType = text.plist.xml; path = "GoogleService-Info.plist"; sourceTree = "<group>"; };
/* End PBXFileReference section */

/* Begin PBXFrameworksBuildPhase section */
		4094AFFC2C6E5B6E0040089F /* Frameworks */ = {
			isa = PBXFrameworksBuildPhase;
			buildActionMask = 2147483647;
			files = (
				4094B03E2C6E64660040089F /* FirebaseStorageCombine-Community in Frameworks */,
				4094B0362C6E64660040089F /* FirebaseMessaging in Frameworks */,
				4094B0342C6E64660040089F /* FirebaseMLModelDownloader in Frameworks */,
				4094B01A2C6E64660040089F /* FirebaseAppCheck in Frameworks */,
				4094B01E2C6E64660040089F /* FirebaseAuth in Frameworks */,
				4094B0142C6E64660040089F /* FirebaseAnalytics in Frameworks */,
				4094B01C2C6E64660040089F /* FirebaseAppDistribution-Beta in Frameworks */,
				4094B0182C6E64660040089F /* FirebaseAnalyticsWithoutAdIdSupport in Frameworks */,
				4094B0222C6E64660040089F /* FirebaseCrashlytics in Frameworks */,
				4094B0242C6E64660040089F /* FirebaseDatabase in Frameworks */,
				4094B02E2C6E64660040089F /* FirebaseFunctionsCombine-Community in Frameworks */,
				4094B0202C6E64660040089F /* FirebaseAuthCombine-Community in Frameworks */,
				4094B03C2C6E64660040089F /* FirebaseStorage in Frameworks */,
				4094B0162C6E64660040089F /* FirebaseAnalyticsOnDeviceConversion in Frameworks */,
				4094B02C2C6E64660040089F /* FirebaseFunctions in Frameworks */,
				4094B0322C6E64660040089F /* FirebaseInstallations in Frameworks */,
				4094B0382C6E64660040089F /* FirebasePerformance in Frameworks */,
				4094B02A2C6E64660040089F /* FirebaseFirestoreCombine-Community in Frameworks */,
				4094B0282C6E64660040089F /* FirebaseFirestore in Frameworks */,
				4094B0262C6E64660040089F /* FirebaseDynamicLinks in Frameworks */,
				4094B0302C6E64660040089F /* FirebaseInAppMessaging-Beta in Frameworks */,
				4094B0402C6E64660040089F /* FirebaseVertexAI-Preview in Frameworks */,
				4094B03A2C6E64660040089F /* FirebaseRemoteConfig in Frameworks */,
			);
			runOnlyForDeploymentPostprocessing = 0;
		};
/* End PBXFrameworksBuildPhase section */

/* Begin PBXGroup section */
		4094AFF62C6E5B6E0040089F = {
			isa = PBXGroup;
			children = (
				4094B0012C6E5B6E0040089F /* ChatApp */,
				4094B0002C6E5B6E0040089F /* Products */,
			);
			sourceTree = "<group>";
		};
		4094B0002C6E5B6E0040089F /* Products */ = {
			isa = PBXGroup;
			children = (
				4094AFFF2C6E5B6E0040089F /* ChatApp.app */,
			);
			name = Products;
			sourceTree = "<group>";
		};
		4094B0012C6E5B6E0040089F /* ChatApp */ = {
			isa = PBXGroup;
			children = (
				4094B0102C6E5F4D0040089F /* GoogleService-Info.plist */,
				4094B0022C6E5B6E0040089F /* ChatAppApp.swift */,
				4094B0042C6E5B6E0040089F /* ContentView.swift */,
				4094B0062C6E5B6F0040089F /* Assets.xcassets */,
				4094B0082C6E5B6F0040089F /* Preview Content */,
			);
			path = ChatApp;
			sourceTree = "<group>";
		};
		4094B0082C6E5B6F0040089F /* Preview Content */ = {
			isa = PBXGroup;
			children = (
				4094B0092C6E5B6F0040089F /* Preview Assets.xcassets */,
			);
			path = "Preview Content";
			sourceTree = "<group>";
		};
/* End PBXGroup section */

/* Begin PBXNativeTarget section */
		4094AFFE2C6E5B6E0040089F /* ChatApp */ = {
			isa = PBXNativeTarget;
			buildConfigurationList = 4094B00D2C6E5B6F0040089F /* Build configuration list for PBXNativeTarget "ChatApp" */;
			buildPhases = (
				4094AFFB2C6E5B6E0040089F /* Sources */,
				4094AFFC2C6E5B6E0040089F /* Frameworks */,
				4094AFFD2C6E5B6E0040089F /* Resources */,
			);
			buildRules = (
			);
			dependencies = (
			);
			name = ChatApp;
			packageProductDependencies = (
				4094B0132C6E64660040089F /* FirebaseAnalytics */,
				4094B0152C6E64660040089F /* FirebaseAnalyticsOnDeviceConversion */,
				4094B0172C6E64660040089F /* FirebaseAnalyticsWithoutAdIdSupport */,
				4094B0192C6E64660040089F /* FirebaseAppCheck */,
				4094B01B2C6E64660040089F /* FirebaseAppDistribution-Beta */,
				4094B01D2C6E64660040089F /* FirebaseAuth */,
				4094B01F2C6E64660040089F /* FirebaseAuthCombine-Community */,
				4094B0212C6E64660040089F /* FirebaseCrashlytics */,
				4094B0232C6E64660040089F /* FirebaseDatabase */,
				4094B0252C6E64660040089F /* FirebaseDynamicLinks */,
				4094B0272C6E64660040089F /* FirebaseFirestore */,
				4094B0292C6E64660040089F /* FirebaseFirestoreCombine-Community */,
				4094B02B2C6E64660040089F /* FirebaseFunctions */,
				4094B02D2C6E64660040089F /* FirebaseFunctionsCombine-Community */,
				4094B02F2C6E64660040089F /* FirebaseInAppMessaging-Beta */,
				4094B0312C6E64660040089F /* FirebaseInstallations */,
				4094B0332C6E64660040089F /* FirebaseMLModelDownloader */,
				4094B0352C6E64660040089F /* FirebaseMessaging */,
				4094B0372C6E64660040089F /* FirebasePerformance */,
				4094B0392C6E64660040089F /* FirebaseRemoteConfig */,
				4094B03B2C6E64660040089F /* FirebaseStorage */,
				4094B03D2C6E64660040089F /* FirebaseStorageCombine-Community */,
				4094B03F2C6E64660040089F /* FirebaseVertexAI-Preview */,
			);
			productName = ChatApp;
			productReference = 4094AFFF2C6E5B6E0040089F /* ChatApp.app */;
			productType = "com.apple.product-type.application";
		};
/* End PBXNativeTarget section */

/* Begin PBXProject section */
		4094AFF72C6E5B6E0040089F /* Project object */ = {
			isa = PBXProject;
			attributes = {
				BuildIndependentTargetsInParallel = 1;
				LastSwiftUpdateCheck = 1520;
				LastUpgradeCheck = 1520;
				TargetAttributes = {
					4094AFFE2C6E5B6E0040089F = {
						CreatedOnToolsVersion = 15.2;
					};
				};
			};
			buildConfigurationList = 4094AFFA2C6E5B6E0040089F /* Build configuration list for PBXProject "ChatApp" */;
			compatibilityVersion = "Xcode 14.0";
			developmentRegion = en;
			hasScannedForEncodings = 0;
			knownRegions = (
				en,
				Base,
			);
			mainGroup = 4094AFF62C6E5B6E0040089F;
			packageReferences = (
				4094B0122C6E64660040089F /* XCRemoteSwiftPackageReference "firebase-ios-sdk" */,
			);
			productRefGroup = 4094B0002C6E5B6E0040089F /* Products */;
			projectDirPath = "";
			projectRoot = "";
			targets = (
				4094AFFE2C6E5B6E0040089F /* ChatApp */,
			);
		};
/* End PBXProject section */

/* Begin PBXResourcesBuildPhase section */
		4094AFFD2C6E5B6E0040089F /* Resources */ = {
			isa = PBXResourcesBuildPhase;
			buildActionMask = 2147483647;
			files = (
				4094B00A2C6E5B6F0040089F /* Preview Assets.xcassets in Resources */,
				4094B0072C6E5B6F0040089F /* Assets.xcassets in Resources */,
				4094B0112C6E5F4E0040089F /* GoogleService-Info.plist in Resources */,
			);
			runOnlyForDeploymentPostprocessing = 0;
		};
/* End PBXResourcesBuildPhase section */

/* Begin PBXSourcesBuildPhase section */
		4094AFFB2C6E5B6E0040089F /* Sources */ = {
			isa = PBXSourcesBuildPhase;
			buildActionMask = 2147483647;
			files = (
				4094B0052C6E5B6E0040089F /* ContentView.swift in Sources */,
				4094B0032C6E5B6E0040089F /* ChatAppApp.swift in Sources */,
			);
			runOnlyForDeploymentPostprocessing = 0;
		};
/* End PBXSourcesBuildPhase section */

/* Begin XCBuildConfiguration section */
		4094B00B2C6E5B6F0040089F /* Debug */ = {
			isa = XCBuildConfiguration;
			buildSettings = {
				ALWAYS_SEARCH_USER_PATHS = NO;
				ASSETCATALOG_COMPILER_GENERATE_SWIFT_ASSET_SYMBOL_EXTENSIONS = YES;
				CLANG_ANALYZER_NONNULL = YES;
				CLANG_ANALYZER_NUMBER_OBJECT_CONVERSION = YES_AGGRESSIVE;
				CLANG_CXX_LANGUAGE_STANDARD = "gnu++20";
				CLANG_ENABLE_MODULES = YES;
				CLANG_ENABLE_OBJC_ARC = YES;
				CLANG_ENABLE_OBJC_WEAK = YES;
				CLANG_WARN_BLOCK_CAPTURE_AUTORELEASING = YES;
				CLANG_WARN_BOOL_CONVERSION = YES;
				CLANG_WARN_COMMA = YES;
				CLANG_WARN_CONSTANT_CONVERSION = YES;
				CLANG_WARN_DEPRECATED_OBJC_IMPLEMENTATIONS = YES;
				CLANG_WARN_DIRECT_OBJC_ISA_USAGE = YES_ERROR;
				CLANG_WARN_DOCUMENTATION_COMMENTS = YES;
				CLANG_WARN_EMPTY_BODY = YES;
				CLANG_WARN_ENUM_CONVERSION = YES;
				CLANG_WARN_INFINITE_RECURSION = YES;
				CLANG_WARN_INT_CONVERSION = YES;
				CLANG_WARN_NON_LITERAL_NULL_CONVERSION = YES;
				CLANG_WARN_OBJC_IMPLICIT_RETAIN_SELF = YES;
				CLANG_WARN_OBJC_LITERAL_CONVERSION = YES;
				CLANG_WARN_OBJC_ROOT_CLASS = YES_ERROR;
				CLANG_WARN_QUOTED_INCLUDE_IN_FRAMEWORK_HEADER = YES;
				CLANG_WARN_RANGE_LOOP_ANALYSIS = YES;
				CLANG_WARN_STRICT_PROTOTYPES = YES;
				CLANG_WARN_SUSPICIOUS_MOVE = YES;
				CLANG_WARN_UNGUARDED_AVAILABILITY = YES_AGGRESSIVE;
				CLANG_WARN_UNREACHABLE_CODE = YES;
				CLANG_WARN__DUPLICATE_METHOD_MATCH = YES;
				COPY_PHASE_STRIP = NO;
				DEBUG_INFORMATION_FORMAT = dwarf;
				ENABLE_STRICT_OBJC_MSGSEND = YES;
				ENABLE_TESTABILITY = YES;
				ENABLE_USER_SCRIPT_SANDBOXING = YES;
				GCC_C_LANGUAGE_STANDARD = gnu17;
				GCC_DYNAMIC_NO_PIC = NO;
				GCC_NO_COMMON_BLOCKS = YES;
				GCC_OPTIMIZATION_LEVEL = 0;
				GCC_PREPROCESSOR_DEFINITIONS = (
					"DEBUG=1",
					"$(inherited)",
				);
				GCC_WARN_64_TO_32_BIT_CONVERSION = YES;
				GCC_WARN_ABOUT_RETURN_TYPE = YES_ERROR;
				GCC_WARN_UNDECLARED_SELECTOR = YES;
				GCC_WARN_UNINITIALIZED_AUTOS = YES_AGGRESSIVE;
				GCC_WARN_UNUSED_FUNCTION = YES;
				GCC_WARN_UNUSED_VARIABLE = YES;
				IPHONEOS_DEPLOYMENT_TARGET = 17.2;
				LOCALIZATION_PREFERS_STRING_CATALOGS = YES;
				MTL_ENABLE_DEBUG_INFO = INCLUDE_SOURCE;
				MTL_FAST_MATH = YES;
				ONLY_ACTIVE_ARCH = YES;
				SDKROOT = iphoneos;
				SWIFT_ACTIVE_COMPILATION_CONDITIONS = "DEBUG $(inherited)";
				SWIFT_OPTIMIZATION_LEVEL = "-Onone";
			};
			name = Debug;
		};
		4094B00C2C6E5B6F0040089F /* Release */ = {
			isa = XCBuildConfiguration;
			buildSettings = {
				ALWAYS_SEARCH_USER_PATHS = NO;
				ASSETCATALOG_COMPILER_GENERATE_SWIFT_ASSET_SYMBOL_EXTENSIONS = YES;
				CLANG_ANALYZER_NONNULL = YES;
				CLANG_ANALYZER_NUMBER_OBJECT_CONVERSION = YES_AGGRESSIVE;
				CLANG_CXX_LANGUAGE_STANDARD = "gnu++20";
				CLANG_ENABLE_MODULES = YES;
				CLANG_ENABLE_OBJC_ARC = YES;
				CLANG_ENABLE_OBJC_WEAK = YES;
				CLANG_WARN_BLOCK_CAPTURE_AUTORELEASING = YES;
				CLANG_WARN_BOOL_CONVERSION = YES;
				CLANG_WARN_COMMA = YES;
				CLANG_WARN_CONSTANT_CONVERSION = YES;
				CLANG_WARN_DEPRECATED_OBJC_IMPLEMENTATIONS = YES;
				CLANG_WARN_DIRECT_OBJC_ISA_USAGE = YES_ERROR;
				CLANG_WARN_DOCUMENTATION_COMMENTS = YES;
				CLANG_WARN_EMPTY_BODY = YES;
				CLANG_WARN_ENUM_CONVERSION = YES;
				CLANG_WARN_INFINITE_RECURSION = YES;
				CLANG_WARN_INT_CONVERSION = YES;
				CLANG_WARN_NON_LITERAL_NULL_CONVERSION = YES;
				CLANG_WARN_OBJC_IMPLICIT_RETAIN_SELF = YES;
				CLANG_WARN_OBJC_LITERAL_CONVERSION = YES;
				CLANG_WARN_OBJC_ROOT_CLASS = YES_ERROR;
				CLANG_WARN_QUOTED_INCLUDE_IN_FRAMEWORK_HEADER = YES;
				CLANG_WARN_RANGE_LOOP_ANALYSIS = YES;
				CLANG_WARN_STRICT_PROTOTYPES = YES;
				CLANG_WARN_SUSPICIOUS_MOVE = YES;
				CLANG_WARN_UNGUARDED_AVAILABILITY = YES_AGGRESSIVE;
				CLANG_WARN_UNREACHABLE_CODE = YES;
				CLANG_WARN__DUPLICATE_METHOD_MATCH = YES;
				COPY_PHASE_STRIP = NO;
				DEBUG_INFORMATION_FORMAT = "dwarf-with-dsym";
				ENABLE_NS_ASSERTIONS = NO;
				ENABLE_STRICT_OBJC_MSGSEND = YES;
				ENABLE_USER_SCRIPT_SANDBOXING = YES;
				GCC_C_LANGUAGE_STANDARD = gnu17;
				GCC_NO_COMMON_BLOCKS = YES;
				GCC_WARN_64_TO_32_BIT_CONVERSION = YES;
				GCC_WARN_ABOUT_RETURN_TYPE = YES_ERROR;
				GCC_WARN_UNDECLARED_SELECTOR = YES;
				GCC_WARN_UNINITIALIZED_AUTOS = YES_AGGRESSIVE;
				GCC_WARN_UNUSED_FUNCTION = YES;
				GCC_WARN_UNUSED_VARIABLE = YES;
				IPHONEOS_DEPLOYMENT_TARGET = 17.2;
				LOCALIZATION_PREFERS_STRING_CATALOGS = YES;
				MTL_ENABLE_DEBUG_INFO = NO;
				MTL_FAST_MATH = YES;
				SDKROOT = iphoneos;
				SWIFT_COMPILATION_MODE = wholemodule;
				VALIDATE_PRODUCT = YES;
			};
			name = Release;
		};
		4094B00E2C6E5B6F0040089F /* Debug */ = {
			isa = XCBuildConfiguration;
			buildSettings = {
				ASSETCATALOG_COMPILER_APPICON_NAME = AppIcon;
				ASSETCATALOG_COMPILER_GLOBAL_ACCENT_COLOR_NAME = AccentColor;
				CODE_SIGN_STYLE = Automatic;
				CURRENT_PROJECT_VERSION = 1;
				DEVELOPMENT_ASSET_PATHS = "\"ChatApp/Preview Content\"";
				DEVELOPMENT_TEAM = 79BT787T5X;
				ENABLE_PREVIEWS = YES;
				GENERATE_INFOPLIST_FILE = YES;
				INFOPLIST_KEY_UIApplicationSceneManifest_Generation = YES;
				INFOPLIST_KEY_UIApplicationSupportsIndirectInputEvents = YES;
				INFOPLIST_KEY_UILaunchScreen_Generation = YES;
				INFOPLIST_KEY_UISupportedInterfaceOrientations_iPad = "UIInterfaceOrientationPortrait UIInterfaceOrientationPortraitUpsideDown UIInterfaceOrientationLandscapeLeft UIInterfaceOrientationLandscapeRight";
				INFOPLIST_KEY_UISupportedInterfaceOrientations_iPhone = "UIInterfaceOrientationPortrait UIInterfaceOrientationLandscapeLeft UIInterfaceOrientationLandscapeRight";
				LD_RUNPATH_SEARCH_PATHS = (
					"$(inherited)",
					"@executable_path/Frameworks",
				);
				MARKETING_VERSION = 1.0;
				PRODUCT_BUNDLE_IDENTIFIER = com.esma.ChatApp;
				PRODUCT_NAME = "$(TARGET_NAME)";
				SWIFT_EMIT_LOC_STRINGS = YES;
				SWIFT_VERSION = 5.0;
				TARGETED_DEVICE_FAMILY = "1,2";
			};
			name = Debug;
		};
		4094B00F2C6E5B6F0040089F /* Release */ = {
			isa = XCBuildConfiguration;
			buildSettings = {
				ASSETCATALOG_COMPILER_APPICON_NAME = AppIcon;
				ASSETCATALOG_COMPILER_GLOBAL_ACCENT_COLOR_NAME = AccentColor;
				CODE_SIGN_STYLE = Automatic;
				CURRENT_PROJECT_VERSION = 1;
				DEVELOPMENT_ASSET_PATHS = "\"ChatApp/Preview Content\"";
				DEVELOPMENT_TEAM = 79BT787T5X;
				ENABLE_PREVIEWS = YES;
				GENERATE_INFOPLIST_FILE = YES;
				INFOPLIST_KEY_UIApplicationSceneManifest_Generation = YES;
				INFOPLIST_KEY_UIApplicationSupportsIndirectInputEvents = YES;
				INFOPLIST_KEY_UILaunchScreen_Generation = YES;
				INFOPLIST_KEY_UISupportedInterfaceOrientations_iPad = "UIInterfaceOrientationPortrait UIInterfaceOrientationPortraitUpsideDown UIInterfaceOrientationLandscapeLeft UIInterfaceOrientationLandscapeRight";
				INFOPLIST_KEY_UISupportedInterfaceOrientations_iPhone = "UIInterfaceOrientationPortrait UIInterfaceOrientationLandscapeLeft UIInterfaceOrientationLandscapeRight";
				LD_RUNPATH_SEARCH_PATHS = (
					"$(inherited)",
					"@executable_path/Frameworks",
				);
				MARKETING_VERSION = 1.0;
				PRODUCT_BUNDLE_IDENTIFIER = com.esma.ChatApp;
				PRODUCT_NAME = "$(TARGET_NAME)";
				SWIFT_EMIT_LOC_STRINGS = YES;
				SWIFT_VERSION = 5.0;
				TARGETED_DEVICE_FAMILY = "1,2";
			};
			name = Release;
		};
/* End XCBuildConfiguration section */

/* Begin XCConfigurationList section */
		4094AFFA2C6E5B6E0040089F /* Build configuration list for PBXProject "ChatApp" */ = {
			isa = XCConfigurationList;
			buildConfigurations = (
				4094B00B2C6E5B6F0040089F /* Debug */,
				4094B00C2C6E5B6F0040089F /* Release */,
			);
			defaultConfigurationIsVisible = 0;
			defaultConfigurationName = Release;
		};
		4094B00D2C6E5B6F0040089F /* Build configuration list for PBXNativeTarget "ChatApp" */ = {
			isa = XCConfigurationList;
			buildConfigurations = (
				4094B00E2C6E5B6F0040089F /* Debug */,
				4094B00F2C6E5B6F0040089F /* Release */,
			);
			defaultConfigurationIsVisible = 0;
			defaultConfigurationName = Release;
		};
/* End XCConfigurationList section */

/* Begin XCRemoteSwiftPackageReference section */
		4094B0122C6E64660040089F /* XCRemoteSwiftPackageReference "firebase-ios-sdk" */ = {
			isa = XCRemoteSwiftPackageReference;
			repositoryURL = "https://github.com/firebase/firebase-ios-sdk.git";
			requirement = {
				kind = upToNextMajorVersion;
				minimumVersion = 11.0.0;
			};
		};
/* End XCRemoteSwiftPackageReference section */

/* Begin XCSwiftPackageProductDependency section */
		4094B0132C6E64660040089F /* FirebaseAnalytics */ = {
			isa = XCSwiftPackageProductDependency;
			package = 4094B0122C6E64660040089F /* XCRemoteSwiftPackageReference "firebase-ios-sdk" */;
			productName = FirebaseAnalytics;
		};
		4094B0152C6E64660040089F /* FirebaseAnalyticsOnDeviceConversion */ = {
			isa = XCSwiftPackageProductDependency;
			package = 4094B0122C6E64660040089F /* XCRemoteSwiftPackageReference "firebase-ios-sdk" */;
			productName = FirebaseAnalyticsOnDeviceConversion;
		};
		4094B0172C6E64660040089F /* FirebaseAnalyticsWithoutAdIdSupport */ = {
			isa = XCSwiftPackageProductDependency;
			package = 4094B0122C6E64660040089F /* XCRemoteSwiftPackageReference "firebase-ios-sdk" */;
			productName = FirebaseAnalyticsWithoutAdIdSupport;
		};
		4094B0192C6E64660040089F /* FirebaseAppCheck */ = {
			isa = XCSwiftPackageProductDependency;
			package = 4094B0122C6E64660040089F /* XCRemoteSwiftPackageReference "firebase-ios-sdk" */;
			productName = FirebaseAppCheck;
		};
		4094B01B2C6E64660040089F /* FirebaseAppDistribution-Beta */ = {
			isa = XCSwiftPackageProductDependency;
			package = 4094B0122C6E64660040089F /* XCRemoteSwiftPackageReference "firebase-ios-sdk" */;
			productName = "FirebaseAppDistribution-Beta";
		};
		4094B01D2C6E64660040089F /* FirebaseAuth */ = {
			isa = XCSwiftPackageProductDependency;
			package = 4094B0122C6E64660040089F /* XCRemoteSwiftPackageReference "firebase-ios-sdk" */;
			productName = FirebaseAuth;
		};
		4094B01F2C6E64660040089F /* FirebaseAuthCombine-Community */ = {
			isa = XCSwiftPackageProductDependency;
			package = 4094B0122C6E64660040089F /* XCRemoteSwiftPackageReference "firebase-ios-sdk" */;
			productName = "FirebaseAuthCombine-Community";
		};
		4094B0212C6E64660040089F /* FirebaseCrashlytics */ = {
			isa = XCSwiftPackageProductDependency;
			package = 4094B0122C6E64660040089F /* XCRemoteSwiftPackageReference "firebase-ios-sdk" */;
			productName = FirebaseCrashlytics;
		};
		4094B0232C6E64660040089F /* FirebaseDatabase */ = {
			isa = XCSwiftPackageProductDependency;
			package = 4094B0122C6E64660040089F /* XCRemoteSwiftPackageReference "firebase-ios-sdk" */;
			productName = FirebaseDatabase;
		};
		4094B0252C6E64660040089F /* FirebaseDynamicLinks */ = {
			isa = XCSwiftPackageProductDependency;
			package = 4094B0122C6E64660040089F /* XCRemoteSwiftPackageReference "firebase-ios-sdk" */;
			productName = FirebaseDynamicLinks;
		};
		4094B0272C6E64660040089F /* FirebaseFirestore */ = {
			isa = XCSwiftPackageProductDependency;
			package = 4094B0122C6E64660040089F /* XCRemoteSwiftPackageReference "firebase-ios-sdk" */;
			productName = FirebaseFirestore;
		};
		4094B0292C6E64660040089F /* FirebaseFirestoreCombine-Community */ = {
			isa = XCSwiftPackageProductDependency;
			package = 4094B0122C6E64660040089F /* XCRemoteSwiftPackageReference "firebase-ios-sdk" */;
			productName = "FirebaseFirestoreCombine-Community";
		};
		4094B02B2C6E64660040089F /* FirebaseFunctions */ = {
			isa = XCSwiftPackageProductDependency;
			package = 4094B0122C6E64660040089F /* XCRemoteSwiftPackageReference "firebase-ios-sdk" */;
			productName = FirebaseFunctions;
		};
		4094B02D2C6E64660040089F /* FirebaseFunctionsCombine-Community */ = {
			isa = XCSwiftPackageProductDependency;
			package = 4094B0122C6E64660040089F /* XCRemoteSwiftPackageReference "firebase-ios-sdk" */;
			productName = "FirebaseFunctionsCombine-Community";
		};
		4094B02F2C6E64660040089F /* FirebaseInAppMessaging-Beta */ = {
			isa = XCSwiftPackageProductDependency;
			package = 4094B0122C6E64660040089F /* XCRemoteSwiftPackageReference "firebase-ios-sdk" */;
			productName = "FirebaseInAppMessaging-Beta";
		};
		4094B0312C6E64660040089F /* FirebaseInstallations */ = {
			isa = XCSwiftPackageProductDependency;
			package = 4094B0122C6E64660040089F /* XCRemoteSwiftPackageReference "firebase-ios-sdk" */;
			productName = FirebaseInstallations;
		};
		4094B0332C6E64660040089F /* FirebaseMLModelDownloader */ = {
			isa = XCSwiftPackageProductDependency;
			package = 4094B0122C6E64660040089F /* XCRemoteSwiftPackageReference "firebase-ios-sdk" */;
			productName = FirebaseMLModelDownloader;
		};
		4094B0352C6E64660040089F /* FirebaseMessaging */ = {
			isa = XCSwiftPackageProductDependency;
			package = 4094B0122C6E64660040089F /* XCRemoteSwiftPackageReference "firebase-ios-sdk" */;
			productName = FirebaseMessaging;
		};
		4094B0372C6E64660040089F /* FirebasePerformance */ = {
			isa = XCSwiftPackageProductDependency;
			package = 4094B0122C6E64660040089F /* XCRemoteSwiftPackageReference "firebase-ios-sdk" */;
			productName = FirebasePerformance;
		};
		4094B0392C6E64660040089F /* FirebaseRemoteConfig */ = {
			isa = XCSwiftPackageProductDependency;
			package = 4094B0122C6E64660040089F /* XCRemoteSwiftPackageReference "firebase-ios-sdk" */;
			productName = FirebaseRemoteConfig;
		};
		4094B03B2C6E64660040089F /* FirebaseStorage */ = {
			isa = XCSwiftPackageProductDependency;
			package = 4094B0122C6E64660040089F /* XCRemoteSwiftPackageReference "firebase-ios-sdk" */;
			productName = FirebaseStorage;
		};
		4094B03D2C6E64660040089F /* FirebaseStorageCombine-Community */ = {
			isa = XCSwiftPackageProductDependency;
			package = 4094B0122C6E64660040089F /* XCRemoteSwiftPackageReference "firebase-ios-sdk" */;
			productName = "FirebaseStorageCombine-Community";
		};
		4094B03F2C6E64660040089F /* FirebaseVertexAI-Preview */ = {
			isa = XCSwiftPackageProductDependency;
			package = 4094B0122C6E64660040089F /* XCRemoteSwiftPackageReference "firebase-ios-sdk" */;
			productName = "FirebaseVertexAI-Preview";
		};
/* End XCSwiftPackageProductDependency section */
	};
	rootObject = 4094AFF72C6E5B6E0040089F /* Project object */;
}
